
Microsoft Visual Studio Solution File, Format Version 12.00
# Visual Studio Version 17
VisualStudioVersion = 17.4.33205.214
MinimumVisualStudioVersion = 10.0.40219.1
Project("{8BC9CEB8-8B4A-11D0-8D11-00A0C91BC942}") = "Task3", "Task3.vcxproj", "{ED1CF9A5-1B5C-4F46-B99C-528B2E8DAC87}"
EndProject
Global
	GlobalSection(SolutionConfigurationPlatforms) = preSolution
		Debug|x64 = Debug|x64
		Debug|x86 = Debug|x86
		Release|x64 = Release|x64
		Release|x86 = Release|x86
	EndGlobalSection
	GlobalSection(ProjectConfigurationPlatforms) = postSolution
		{ED1CF9A5-1B5C-4F46-B99C-528B2E8DAC87}.Debug|x64.ActiveCfg = Debug|x64
		{ED1CF9A5-1B5C-4F46-B99C-528B2E8DAC87}.Debug|x64.Build.0 = Debug|x64
		{ED1CF9A5-1B5C-4F46-B99C-528B2E8DAC87}.Debug|x86.ActiveCfg = Debug|Win32
		{ED1CF9A5-1B5C-4F46-B99C-528B2E8DAC87}.Debug|x86.Build.0 = Debug|Win32
		{ED1CF9A5-1B5C-4F46-B99C-528B2E8DAC87}.Release|x64.ActiveCfg = Release|x64
		{ED1CF9A5-1B5C-4F46-B99C-528B2E8DAC87}.Release|x64.Build.0 = Release|x64
		{ED1CF9A5-1B5C-4F46-B99C-528B2E8DAC87}.Release|x86.ActiveCfg = Release|Win32
		{ED1CF9A5-1B5C-4F46-B99C-528B2E8DAC87}.Release|x86.Build.0 = Release|Win32
	EndGlobalSection
	GlobalSection(SolutionProperties) = preSolution
		HideSolutionNode = FALSE
	EndGlobalSection
	GlobalSection(ExtensibilityGlobals) = postSolution
		SolutionGuid = {DA1C102E-CAE9-473B-A89E-4E665B88E73E}
	EndGlobalSection
EndGlobal
