
Microsoft Visual Studio Solution File, Format Version 12.00
# Visual Studio Version 17
VisualStudioVersion = 17.2.32616.157
MinimumVisualStudioVersion = 10.0.40219.1
Project("{8BC9CEB8-8B4A-11D0-8D11-00A0C91BC942}") = "HW7_Task2", "HW7_Task2\HW7_Task2.vcxproj", "{BE6A54F4-49E5-4249-B0BD-9137EE9CB65B}"
EndProject
Global
	GlobalSection(SolutionConfigurationPlatforms) = preSolution
		Debug|x64 = Debug|x64
		Debug|x86 = Debug|x86
		Release|x64 = Release|x64
		Release|x86 = Release|x86
	EndGlobalSection
	GlobalSection(ProjectConfigurationPlatforms) = postSolution
		{BE6A54F4-49E5-4249-B0BD-9137EE9CB65B}.Debug|x64.ActiveCfg = Debug|x64
		{BE6A54F4-49E5-4249-B0BD-9137EE9CB65B}.Debug|x64.Build.0 = Debug|x64
		{BE6A54F4-49E5-4249-B0BD-9137EE9CB65B}.Debug|x86.ActiveCfg = Debug|Win32
		{BE6A54F4-49E5-4249-B0BD-9137EE9CB65B}.Debug|x86.Build.0 = Debug|Win32
		{BE6A54F4-49E5-4249-B0BD-9137EE9CB65B}.Release|x64.ActiveCfg = Release|x64
		{BE6A54F4-49E5-4249-B0BD-9137EE9CB65B}.Release|x64.Build.0 = Release|x64
		{BE6A54F4-49E5-4249-B0BD-9137EE9CB65B}.Release|x86.ActiveCfg = Release|Win32
		{BE6A54F4-49E5-4249-B0BD-9137EE9CB65B}.Release|x86.Build.0 = Release|Win32
	EndGlobalSection
	GlobalSection(SolutionProperties) = preSolution
		HideSolutionNode = FALSE
	EndGlobalSection
	GlobalSection(ExtensibilityGlobals) = postSolution
		SolutionGuid = {751F5648-29C0-4313-97F5-B72086F4AC21}
	EndGlobalSection
EndGlobal
